
Microsoft Visual Studio Solution File, Format Version 12.00
# Visual Studio Version 17
VisualStudioVersion = 17.9.34607.119
MinimumVisualStudioVersion = 10.0.40219.1
Project("{FAE04EC0-301F-11D3-BF4B-00C04F79EFBC}") = "Shopping.web", "Shopping.web\Shopping.web.csproj", "{65EF7A67-C156-45AE-A0AE-C42162479BAB}"
EndProject
Project("{FAE04EC0-301F-11D3-BF4B-00C04F79EFBC}") = "Shopping.API", "Shopping.API\Shopping.API.csproj", "{4B535B83-F218-4754-8508-F1A52484CC76}"
EndProject
Project("{FAE04EC0-301F-11D3-BF4B-00C04F79EFBC}") = "Shopping.Bl", "Shopping.Bl\Shopping.Bl.csproj", "{BFAC7D2B-7DEC-453A-8484-6AD203DC3244}"
EndProject
Global
	GlobalSection(SolutionConfigurationPlatforms) = preSolution
		Debug|Any CPU = Debug|Any CPU
		Release|Any CPU = Release|Any CPU
	EndGlobalSection
	GlobalSection(ProjectConfigurationPlatforms) = postSolution
		{65EF7A67-C156-45AE-A0AE-C42162479BAB}.Debug|Any CPU.ActiveCfg = Debug|Any CPU
		{65EF7A67-C156-45AE-A0AE-C42162479BAB}.Debug|Any CPU.Build.0 = Debug|Any CPU
		{65EF7A67-C156-45AE-A0AE-C42162479BAB}.Release|Any CPU.ActiveCfg = Release|Any CPU
		{65EF7A67-C156-45AE-A0AE-C42162479BAB}.Release|Any CPU.Build.0 = Release|Any CPU
		{4B535B83-F218-4754-8508-F1A52484CC76}.Debug|Any CPU.ActiveCfg = Debug|Any CPU
		{4B535B83-F218-4754-8508-F1A52484CC76}.Debug|Any CPU.Build.0 = Debug|Any CPU
		{4B535B83-F218-4754-8508-F1A52484CC76}.Release|Any CPU.ActiveCfg = Release|Any CPU
		{4B535B83-F218-4754-8508-F1A52484CC76}.Release|Any CPU.Build.0 = Release|Any CPU
		{BFAC7D2B-7DEC-453A-8484-6AD203DC3244}.Debug|Any CPU.ActiveCfg = Debug|Any CPU
		{BFAC7D2B-7DEC-453A-8484-6AD203DC3244}.Debug|Any CPU.Build.0 = Debug|Any CPU
		{BFAC7D2B-7DEC-453A-8484-6AD203DC3244}.Release|Any CPU.ActiveCfg = Release|Any CPU
		{BFAC7D2B-7DEC-453A-8484-6AD203DC3244}.Release|Any CPU.Build.0 = Release|Any CPU
	EndGlobalSection
	GlobalSection(SolutionProperties) = preSolution
		HideSolutionNode = FALSE
	EndGlobalSection
	GlobalSection(ExtensibilityGlobals) = postSolution
		SolutionGuid = {29EFD91D-206E-4549-97AA-54AE894F3DEE}
	EndGlobalSection
EndGlobal
